
Microsoft Visual Studio Solution File, Format Version 12.00
# Visual Studio 14
VisualStudioVersion = 14.0.25420.1
MinimumVisualStudioVersion = 10.0.40219.1
Project("{FAE04EC0-301F-11D3-BF4B-00C04F79EFBC}") = "ScreenCaptureApp", "ScreenCaptureApp\ScreenCaptureApp.csproj", "{E2064EB6-9545-4E5F-A00E-6BCF59EC254D}"
EndProject
Project("{54435603-DBB4-11D2-8724-00A0C9A8B90C}") = "Installer", "Installer\Installer.vdproj", "{D07B542C-517E-45FD-91E0-0C5D68F7B46E}"
EndProject
Global
	GlobalSection(SolutionConfigurationPlatforms) = preSolution
		Debug|Any CPU = Debug|Any CPU
		Release|Any CPU = Release|Any CPU
	EndGlobalSection
	GlobalSection(ProjectConfigurationPlatforms) = postSolution
		{E2064EB6-9545-4E5F-A00E-6BCF59EC254D}.Debug|Any CPU.ActiveCfg = Debug|Any CPU
		{E2064EB6-9545-4E5F-A00E-6BCF59EC254D}.Debug|Any CPU.Build.0 = Debug|Any CPU
		{E2064EB6-9545-4E5F-A00E-6BCF59EC254D}.Release|Any CPU.ActiveCfg = Release|Any CPU
		{E2064EB6-9545-4E5F-A00E-6BCF59EC254D}.Release|Any CPU.Build.0 = Release|Any CPU
		{D07B542C-517E-45FD-91E0-0C5D68F7B46E}.Debug|Any CPU.ActiveCfg = Debug
		{D07B542C-517E-45FD-91E0-0C5D68F7B46E}.Release|Any CPU.ActiveCfg = Release
	EndGlobalSection
	GlobalSection(SolutionProperties) = preSolution
		HideSolutionNode = FALSE
	EndGlobalSection
EndGlobal
